
Microsoft Visual Studio Solution File, Format Version 12.00
# Visual Studio Version 17
VisualStudioVersion = 17.8.34309.116
MinimumVisualStudioVersion = 10.0.40219.1
Project("{9A19103F-16F7-4668-BE54-9A1E7A4F7556}") = "OPP", "OPP\OPP.csproj", "{41CC1240-A8D3-493E-ABE2-CC4DC18864EE}"
EndProject
Project("{2150E333-8FDC-42A3-9474-1A3956D46DE8}") = "Abstraction", "Abstraction", "{B7647A0B-AD14-45E8-9FCF-D3E7873B0E88}"
EndProject
Project("{FAE04EC0-301F-11D3-BF4B-00C04F79EFBC}") = "AbstractClass", "AbstractClass\AbstractClass.csproj", "{786D66DC-3C5A-4635-9295-CFC5C92F44EE}"
EndProject
Project("{2150E333-8FDC-42A3-9474-1A3956D46DE8}") = "Encapsulation Access modifier", "Encapsulation Access modifier", "{3D08C326-BFA5-452F-95BB-8F12785D579F}"
EndProject
Project("{FAE04EC0-301F-11D3-BF4B-00C04F79EFBC}") = "AccessModify", "AccessModify\AccessModify.csproj", "{D103CAC2-82BD-45EA-B9B2-CF7E898ADD6B}"
EndProject
Project("{FAE04EC0-301F-11D3-BF4B-00C04F79EFBC}") = "AccessModifyCont", "AccessModifyCont\AccessModifyCont.csproj", "{4284FD0F-8173-4020-8EB9-9DA59781CFEB}"
EndProject
Global
	GlobalSection(SolutionConfigurationPlatforms) = preSolution
		Debug|Any CPU = Debug|Any CPU
		Release|Any CPU = Release|Any CPU
	EndGlobalSection
	GlobalSection(ProjectConfigurationPlatforms) = postSolution
		{41CC1240-A8D3-493E-ABE2-CC4DC18864EE}.Debug|Any CPU.ActiveCfg = Debug|Any CPU
		{41CC1240-A8D3-493E-ABE2-CC4DC18864EE}.Debug|Any CPU.Build.0 = Debug|Any CPU
		{41CC1240-A8D3-493E-ABE2-CC4DC18864EE}.Release|Any CPU.ActiveCfg = Release|Any CPU
		{41CC1240-A8D3-493E-ABE2-CC4DC18864EE}.Release|Any CPU.Build.0 = Release|Any CPU
		{786D66DC-3C5A-4635-9295-CFC5C92F44EE}.Debug|Any CPU.ActiveCfg = Debug|Any CPU
		{786D66DC-3C5A-4635-9295-CFC5C92F44EE}.Debug|Any CPU.Build.0 = Debug|Any CPU
		{786D66DC-3C5A-4635-9295-CFC5C92F44EE}.Release|Any CPU.ActiveCfg = Release|Any CPU
		{786D66DC-3C5A-4635-9295-CFC5C92F44EE}.Release|Any CPU.Build.0 = Release|Any CPU
		{D103CAC2-82BD-45EA-B9B2-CF7E898ADD6B}.Debug|Any CPU.ActiveCfg = Debug|Any CPU
		{D103CAC2-82BD-45EA-B9B2-CF7E898ADD6B}.Debug|Any CPU.Build.0 = Debug|Any CPU
		{D103CAC2-82BD-45EA-B9B2-CF7E898ADD6B}.Release|Any CPU.ActiveCfg = Release|Any CPU
		{D103CAC2-82BD-45EA-B9B2-CF7E898ADD6B}.Release|Any CPU.Build.0 = Release|Any CPU
		{4284FD0F-8173-4020-8EB9-9DA59781CFEB}.Debug|Any CPU.ActiveCfg = Debug|Any CPU
		{4284FD0F-8173-4020-8EB9-9DA59781CFEB}.Debug|Any CPU.Build.0 = Debug|Any CPU
		{4284FD0F-8173-4020-8EB9-9DA59781CFEB}.Release|Any CPU.ActiveCfg = Release|Any CPU
		{4284FD0F-8173-4020-8EB9-9DA59781CFEB}.Release|Any CPU.Build.0 = Release|Any CPU
	EndGlobalSection
	GlobalSection(SolutionProperties) = preSolution
		HideSolutionNode = FALSE
	EndGlobalSection
	GlobalSection(NestedProjects) = preSolution
		{786D66DC-3C5A-4635-9295-CFC5C92F44EE} = {B7647A0B-AD14-45E8-9FCF-D3E7873B0E88}
		{D103CAC2-82BD-45EA-B9B2-CF7E898ADD6B} = {3D08C326-BFA5-452F-95BB-8F12785D579F}
		{4284FD0F-8173-4020-8EB9-9DA59781CFEB} = {3D08C326-BFA5-452F-95BB-8F12785D579F}
	EndGlobalSection
	GlobalSection(ExtensibilityGlobals) = postSolution
		SolutionGuid = {40C0FD6A-04F0-42C3-A717-2AB00D9DBA6A}
	EndGlobalSection
EndGlobal
