
Microsoft Visual Studio Solution File, Format Version 12.00
# Visual Studio Version 17
VisualStudioVersion = 17.8.34309.116
MinimumVisualStudioVersion = 10.0.40219.1
Project("{FAE04EC0-301F-11D3-BF4B-00C04F79EFBC}") = "OPP", "OPP\OPP.csproj", "{41CC1240-A8D3-493E-ABE2-CC4DC18864EE}"
EndProject
Global
	GlobalSection(SolutionConfigurationPlatforms) = preSolution
		Debug|Any CPU = Debug|Any CPU
		Release|Any CPU = Release|Any CPU
	EndGlobalSection
	GlobalSection(ProjectConfigurationPlatforms) = postSolution
		{41CC1240-A8D3-493E-ABE2-CC4DC18864EE}.Debug|Any CPU.ActiveCfg = Debug|Any CPU
		{41CC1240-A8D3-493E-ABE2-CC4DC18864EE}.Debug|Any CPU.Build.0 = Debug|Any CPU
		{41CC1240-A8D3-493E-ABE2-CC4DC18864EE}.Release|Any CPU.ActiveCfg = Release|Any CPU
		{41CC1240-A8D3-493E-ABE2-CC4DC18864EE}.Release|Any CPU.Build.0 = Release|Any CPU
	EndGlobalSection
	GlobalSection(SolutionProperties) = preSolution
		HideSolutionNode = FALSE
	EndGlobalSection
	GlobalSection(ExtensibilityGlobals) = postSolution
		SolutionGuid = {40C0FD6A-04F0-42C3-A717-2AB00D9DBA6A}
	EndGlobalSection
EndGlobal
